PODS:
  - DropdownButton (0.1.1):
    - SnapKit (~> 5.0.0)
  - SnapKit (5.0.0)

DEPENDENCIES:
  - DropdownButton (from `../`)

SPEC REPOS:
  https://github.com/cocoapods/specs.git:
    - SnapKit

EXTERNAL SOURCES:
  DropdownButton:
    :path: "../"

SPEC CHECKSUMS:
  DropdownButton: 46000f008fad61db1b148ff866176606083a7c6d
  SnapKit: fd22d10eb9aff484d79a8724eab922c1ddf89bcf

PODFILE CHECKSUM: 88e1617e4bc4e1b807b665b944c8384cd4ff57dd

COCOAPODS: 1.6.1
